
Microsoft Visual Studio Solution File, Format Version 12.00
# Visual Studio 14
VisualStudioVersion = 14.0.25123.0
MinimumVisualStudioVersion = 10.0.40219.1
Project("{FAE04EC0-301F-11D3-BF4B-00C04F79EFBC}") = "WebApplication1", "WebApplication1\WebApplication1.csproj", "{9D279E76-28D8-4B7F-B9B5-EDF33A508AE9}"
EndProject
Project("{2150E333-8FDC-42A3-9474-1A3956D46DE8}") = "PublishScripts", "PublishScripts", "{A4C8F58C-EA30-49C2-AB52-F37865B74189}"
EndProject
Project("{2150E333-8FDC-42A3-9474-1A3956D46DE8}") = "Scripts", "Scripts", "{E84AF26E-D124-406F-B2A7-DA34BFC4615B}"
	ProjectSection(SolutionItems) = preProject
		PublishScripts\Scripts\Deploy-AzureResourceGroup.ps1 = PublishScripts\Scripts\Deploy-AzureResourceGroup.ps1
	EndProjectSection
EndProject
Project("{2150E333-8FDC-42A3-9474-1A3956D46DE8}") = "Templates", "Templates", "{E3D2CBD1-4522-4E3E-81C1-303E23DDC604}"
	ProjectSection(SolutionItems) = preProject
		PublishScripts\Templates\WebApplication1.json = PublishScripts\Templates\WebApplication1.json
		PublishScripts\Templates\WebApplication1.param.dev.json = PublishScripts\Templates\WebApplication1.param.dev.json
	EndProjectSection
EndProject
Global
	GlobalSection(SolutionConfigurationPlatforms) = preSolution
		Debug|Any CPU = Debug|Any CPU
		Release|Any CPU = Release|Any CPU
	EndGlobalSection
	GlobalSection(ProjectConfigurationPlatforms) = postSolution
		{9D279E76-28D8-4B7F-B9B5-EDF33A508AE9}.Debug|Any CPU.ActiveCfg = Debug|Any CPU
		{9D279E76-28D8-4B7F-B9B5-EDF33A508AE9}.Debug|Any CPU.Build.0 = Debug|Any CPU
		{9D279E76-28D8-4B7F-B9B5-EDF33A508AE9}.Release|Any CPU.ActiveCfg = Release|Any CPU
		{9D279E76-28D8-4B7F-B9B5-EDF33A508AE9}.Release|Any CPU.Build.0 = Release|Any CPU
	EndGlobalSection
	GlobalSection(SolutionProperties) = preSolution
		HideSolutionNode = FALSE
	EndGlobalSection
	GlobalSection(NestedProjects) = preSolution
		{E84AF26E-D124-406F-B2A7-DA34BFC4615B} = {A4C8F58C-EA30-49C2-AB52-F37865B74189}
		{E3D2CBD1-4522-4E3E-81C1-303E23DDC604} = {A4C8F58C-EA30-49C2-AB52-F37865B74189}
	EndGlobalSection
EndGlobal
